// !$*UTF8*$!
{
	archiveVersion = 1;
	classes = {
	};
	objectVersion = 50;
	objects = {

/* Begin PBXBuildFile section */
		6B95E351240749D40067DFF1 /* AppDelegate.swift in Sources */ = {isa = PBXBuildFile; fileRef = 6B95E350240749D40067DFF1 /* AppDelegate.swift */; };
		6B95E353240749D40067DFF1 /* SceneDelegate.swift in Sources */ = {isa = PBXBuildFile; fileRef = 6B95E352240749D40067DFF1 /* SceneDelegate.swift */; };
		6B95E355240749D40067DFF1 /* ViewController.swift in Sources */ = {isa = PBXBuildFile; fileRef = 6B95E354240749D40067DFF1 /* ViewController.swift */; };
		6B95E358240749D40067DFF1 /* Main.storyboard in Resources */ = {isa = PBXBuildFile; fileRef = 6B95E356240749D40067DFF1 /* Main.storyboard */; };
		6B95E35B240749D40067DFF1 /* ReleativeLoginLayout.xcdatamodeld in Sources */ = {isa = PBXBuildFile; fileRef = 6B95E359240749D40067DFF1 /* ReleativeLoginLayout.xcdatamodeld */; };
		6B95E35D240749D50067DFF1 /* Assets.xcassets in Resources */ = {isa = PBXBuildFile; fileRef = 6B95E35C240749D50067DFF1 /* Assets.xcassets */; };
		6B95E360240749D60067DFF1 /* LaunchScreen.storyboard in Resources */ = {isa = PBXBuildFile; fileRef = 6B95E35E240749D60067DFF1 /* LaunchScreen.storyboard */; };
/* End PBXBuildFile section */

/* Begin PBXFileReference section */
		6B95E34D240749D40067DFF1 /* ReleativeLoginLayout.app */ = {isa = PBXFileReference; explicitFileType = wrapper.application; includeInIndex = 0; path = ReleativeLoginLayout.app; sourceTree = BUILT_PRODUCTS_DIR; };
		6B95E350240749D40067DFF1 /* AppDelegate.swift */ = {isa = PBXFileReference; lastKnownFileType = sourcecode.swift; path = AppDelegate.swift; sourceTree = "<group>"; };
		6B95E352240749D40067DFF1 /* SceneDelegate.swift */ = {isa = PBXFileReference; lastKnownFileType = sourcecode.swift; path = SceneDelegate.swift; sourceTree = "<group>"; };
		6B95E354240749D40067DFF1 /* ViewController.swift */ = {isa = PBXFileReference; lastKnownFileType = sourcecode.swift; path = ViewController.swift; sourceTree = "<group>"; };
		6B95E357240749D40067DFF1 /* Base */ = {isa = PBXFileReference; lastKnownFileType = file.storyboard; name = Base; path = Base.lproj/Main.storyboard; sourceTree = "<group>"; };
		6B95E35A240749D40067DFF1 /* ReleativeLoginLayout.xcdatamodel */ = {isa = PBXFileReference; lastKnownFileType = wrapper.xcdatamodel; path = ReleativeLoginLayout.xcdatamodel; sourceTree = "<group>"; };
		6B95E35C240749D50067DFF1 /* Assets.xcassets */ = {isa = PBXFileReference; lastKnownFileType = folder.assetcatalog; path = Assets.xcassets; sourceTree = "<group>"; };
		6B95E35F240749D60067DFF1 /* Base */ = {isa = PBXFileReference; lastKnownFileType = file.storyboard; name = Base; path = Base.lproj/LaunchScreen.storyboard; sourceTree = "<group>"; };
		6B95E361240749D60067DFF1 /* Info.plist */ = {isa = PBXFileReference; lastKnownFileType = text.plist.xml; path = Info.plist; sourceTree = "<group>"; };
/* End PBXFileReference section */

/* Begin PBXFrameworksBuildPhase section */
		6B95E34A240749D40067DFF1 /* Frameworks */ = {
			isa = PBXFrameworksBuildPhase;
			buildActionMask = 2147483647;
			files = (
			);
			runOnlyForDeploymentPostprocessing = 0;
		};
/* End PBXFrameworksBuildPhase section */

/* Begin PBXGroup section */
		6B95E344240749D40067DFF1 = {
			isa = PBXGroup;
			children = (
				6B95E34F240749D40067DFF1 /* ReleativeLoginLayout */,
				6B95E34E240749D40067DFF1 /* Products */,
			);
			sourceTree = "<group>";
		};
		6B95E34E240749D40067DFF1 /* Products */ = {
			isa = PBXGroup;
			children = (
				6B95E34D240749D40067DFF1 /* ReleativeLoginLayout.app */,
			);
			name = Products;
			sourceTree = "<group>";
		};
		6B95E34F240749D40067DFF1 /* ReleativeLoginLayout */ = {
			isa = PBXGroup;
			children = (
				6B95E350240749D40067DFF1 /* AppDelegate.swift */,
				6B95E352240749D40067DFF1 /* SceneDelegate.swift */,
				6B95E354240749D40067DFF1 /* ViewController.swift */,
				6B95E356240749D40067DFF1 /* Main.storyboard */,
				6B95E35C240749D50067DFF1 /* Assets.xcassets */,
				6B95E35E240749D60067DFF1 /* LaunchScreen.storyboard */,
				6B95E361240749D60067DFF1 /* Info.plist */,
				6B95E359240749D40067DFF1 /* ReleativeLoginLayout.xcdatamodeld */,
			);
			path = ReleativeLoginLayout;
			sourceTree = "<group>";
		};
/* End PBXGroup section */

/* Begin PBXNativeTarget section */
		6B95E34C240749D40067DFF1 /* ReleativeLoginLayout */ = {
			isa = PBXNativeTarget;
			buildConfigurationList = 6B95E364240749D60067DFF1 /* Build configuration list for PBXNativeTarget "ReleativeLoginLayout" */;
			buildPhases = (
				6B95E349240749D40067DFF1 /* Sources */,
				6B95E34A240749D40067DFF1 /* Frameworks */,
				6B95E34B240749D40067DFF1 /* Resources */,
			);
			buildRules = (
			);
			dependencies = (
			);
			name = ReleativeLoginLayout;
			productName = ReleativeLoginLayout;
			productReference = 6B95E34D240749D40067DFF1 /* ReleativeLoginLayout.app */;
			productType = "com.apple.product-type.application";
		};
/* End PBXNativeTarget section */

/* Begin PBXProject section */
		6B95E345240749D40067DFF1 /* Project object */ = {
			isa = PBXProject;
			attributes = {
				LastSwiftUpdateCheck = 1130;
				LastUpgradeCheck = 1130;
				ORGANIZATIONNAME = "박균호";
				TargetAttributes = {
					6B95E34C240749D40067DFF1 = {
						CreatedOnToolsVersion = 11.3;
					};
				};
			};
			buildConfigurationList = 6B95E348240749D40067DFF1 /* Build configuration list for PBXProject "ReleativeLoginLayout" */;
			compatibilityVersion = "Xcode 9.3";
			developmentRegion = en;
			hasScannedForEncodings = 0;
			knownRegions = (
				en,
				Base,
			);
			mainGroup = 6B95E344240749D40067DFF1;
			productRefGroup = 6B95E34E240749D40067DFF1 /* Products */;
			projectDirPath = "";
			projectRoot = "";
			targets = (
				6B95E34C240749D40067DFF1 /* ReleativeLoginLayout */,
			);
		};
/* End PBXProject section */

/* Begin PBXResourcesBuildPhase section */
		6B95E34B240749D40067DFF1 /* Resources */ = {
			isa = PBXResourcesBuildPhase;
			buildActionMask = 2147483647;
			files = (
				6B95E360240749D60067DFF1 /* LaunchScreen.storyboard in Resources */,
				6B95E35D240749D50067DFF1 /* Assets.xcassets in Resources */,
				6B95E358240749D40067DFF1 /* Main.storyboard in Resources */,
			);
			runOnlyForDeploymentPostprocessing = 0;
		};
/* End PBXResourcesBuildPhase section */

/* Begin PBXSourcesBuildPhase section */
		6B95E349240749D40067DFF1 /* Sources */ = {
			isa = PBXSourcesBuildPhase;
			buildActionMask = 2147483647;
			files = (
				6B95E355240749D40067DFF1 /* ViewController.swift in Sources */,
				6B95E351240749D40067DFF1 /* AppDelegate.swift in Sources */,
				6B95E353240749D40067DFF1 /* SceneDelegate.swift in Sources */,
				6B95E35B240749D40067DFF1 /* ReleativeLoginLayout.xcdatamodeld in Sources */,
			);
			runOnlyForDeploymentPostprocessing = 0;
		};
/* End PBXSourcesBuildPhase section */

/* Begin PBXVariantGroup section */
		6B95E356240749D40067DFF1 /* Main.storyboard */ = {
			isa = PBXVariantGroup;
			children = (
				6B95E357240749D40067DFF1 /* Base */,
			);
			name = Main.storyboard;
			sourceTree = "<group>";
		};
		6B95E35E240749D60067DFF1 /* LaunchScreen.storyboard */ = {
			isa = PBXVariantGroup;
			children = (
				6B95E35F240749D60067DFF1 /* Base */,
			);
			name = LaunchScreen.storyboard;
			sourceTree = "<group>";
		};
/* End PBXVariantGroup section */

/* Begin XCBuildConfiguration section */
		6B95E362240749D60067DFF1 /* Debug */ = {
			isa = XCBuildConfiguration;
			buildSettings = {
				ALWAYS_SEARCH_USER_PATHS = NO;
				CLANG_ANALYZER_NONNULL = YES;
				CLANG_ANALYZER_NUMBER_OBJECT_CONVERSION = YES_AGGRESSIVE;
				CLANG_CXX_LANGUAGE_STANDARD = "gnu++14";
				CLANG_CXX_LIBRARY = "libc++";
				CLANG_ENABLE_MODULES = YES;
				CLANG_ENABLE_OBJC_ARC = YES;
				CLANG_ENABLE_OBJC_WEAK = YES;
				CLANG_WARN_BLOCK_CAPTURE_AUTORELEASING = YES;
				CLANG_WARN_BOOL_CONVERSION = YES;
				CLANG_WARN_COMMA = YES;
				CLANG_WARN_CONSTANT_CONVERSION = YES;
				CLANG_WARN_DEPRECATED_OBJC_IMPLEMENTATIONS = YES;
				CLANG_WARN_DIRECT_OBJC_ISA_USAGE = YES_ERROR;
				CLANG_WARN_DOCUMENTATION_COMMENTS = YES;
				CLANG_WARN_EMPTY_BODY = YES;
				CLANG_WARN_ENUM_CONVERSION = YES;
				CLANG_WARN_INFINITE_RECURSION = YES;
				CLANG_WARN_INT_CONVERSION = YES;
				CLANG_WARN_NON_LITERAL_NULL_CONVERSION = YES;
				CLANG_WARN_OBJC_IMPLICIT_RETAIN_SELF = YES;
				CLANG_WARN_OBJC_LITERAL_CONVERSION = YES;
				CLANG_WARN_OBJC_ROOT_CLASS = YES_ERROR;
				CLANG_WARN_RANGE_LOOP_ANALYSIS = YES;
				CLANG_WARN_STRICT_PROTOTYPES = YES;
				CLANG_WARN_SUSPICIOUS_MOVE = YES;
				CLANG_WARN_UNGUARDED_AVAILABILITY = YES_AGGRESSIVE;
				CLANG_WARN_UNREACHABLE_CODE = YES;
				CLANG_WARN__DUPLICATE_METHOD_MATCH = YES;
				COPY_PHASE_STRIP = NO;
				DEBUG_INFORMATION_FORMAT = dwarf;
				ENABLE_STRICT_OBJC_MSGSEND = YES;
				ENABLE_TESTABILITY = YES;
				GCC_C_LANGUAGE_STANDARD = gnu11;
				GCC_DYNAMIC_NO_PIC = NO;
				GCC_NO_COMMON_BLOCKS = YES;
				GCC_OPTIMIZATION_LEVEL = 0;
				GCC_PREPROCESSOR_DEFINITIONS = (
					"DEBUG=1",
					"$(inherited)",
				);
				GCC_WARN_64_TO_32_BIT_CONVERSION = YES;
				GCC_WARN_ABOUT_RETURN_TYPE = YES_ERROR;
				GCC_WARN_UNDECLARED_SELECTOR = YES;
				GCC_WARN_UNINITIALIZED_AUTOS = YES_AGGRESSIVE;
				GCC_WARN_UNUSED_FUNCTION = YES;
				GCC_WARN_UNUSED_VARIABLE = YES;
				IPHONEOS_DEPLOYMENT_TARGET = 13.2;
				MTL_ENABLE_DEBUG_INFO = INCLUDE_SOURCE;
				MTL_FAST_MATH = YES;
				ONLY_ACTIVE_ARCH = YES;
				SDKROOT = iphoneos;
				SWIFT_ACTIVE_COMPILATION_CONDITIONS = DEBUG;
				SWIFT_OPTIMIZATION_LEVEL = "-Onone";
			};
			name = Debug;
		};
		6B95E363240749D60067DFF1 /* Release */ = {
			isa = XCBuildConfiguration;
			buildSettings = {
				ALWAYS_SEARCH_USER_PATHS = NO;
				CLANG_ANALYZER_NONNULL = YES;
				CLANG_ANALYZER_NUMBER_OBJECT_CONVERSION = YES_AGGRESSIVE;
				CLANG_CXX_LANGUAGE_STANDARD = "gnu++14";
				CLANG_CXX_LIBRARY = "libc++";
				CLANG_ENABLE_MODULES = YES;
				CLANG_ENABLE_OBJC_ARC = YES;
				CLANG_ENABLE_OBJC_WEAK = YES;
				CLANG_WARN_BLOCK_CAPTURE_AUTORELEASING = YES;
				CLANG_WARN_BOOL_CONVERSION = YES;
				CLANG_WARN_COMMA = YES;
				CLANG_WARN_CONSTANT_CONVERSION = YES;
				CLANG_WARN_DEPRECATED_OBJC_IMPLEMENTATIONS = YES;
				CLANG_WARN_DIRECT_OBJC_ISA_USAGE = YES_ERROR;
				CLANG_WARN_DOCUMENTATION_COMMENTS = YES;
				CLANG_WARN_EMPTY_BODY = YES;
				CLANG_WARN_ENUM_CONVERSION = YES;
				CLANG_WARN_INFINITE_RECURSION = YES;
				CLANG_WARN_INT_CONVERSION = YES;
				CLANG_WARN_NON_LITERAL_NULL_CONVERSION = YES;
				CLANG_WARN_OBJC_IMPLICIT_RETAIN_SELF = YES;
				CLANG_WARN_OBJC_LITERAL_CONVERSION = YES;
				CLANG_WARN_OBJC_ROOT_CLASS = YES_ERROR;
				CLANG_WARN_RANGE_LOOP_ANALYSIS = YES;
				CLANG_WARN_STRICT_PROTOTYPES = YES;
				CLANG_WARN_SUSPICIOUS_MOVE = YES;
				CLANG_WARN_UNGUARDED_AVAILABILITY = YES_AGGRESSIVE;
				CLANG_WARN_UNREACHABLE_CODE = YES;
				CLANG_WARN__DUPLICATE_METHOD_MATCH = YES;
				COPY_PHASE_STRIP = NO;
				DEBUG_INFORMATION_FORMAT = "dwarf-with-dsym";
				ENABLE_NS_ASSERTIONS = NO;
				ENABLE_STRICT_OBJC_MSGSEND = YES;
				GCC_C_LANGUAGE_STANDARD = gnu11;
				GCC_NO_COMMON_BLOCKS = YES;
				GCC_WARN_64_TO_32_BIT_CONVERSION = YES;
				GCC_WARN_ABOUT_RETURN_TYPE = YES_ERROR;
				GCC_WARN_UNDECLARED_SELECTOR = YES;
				GCC_WARN_UNINITIALIZED_AUTOS = YES_AGGRESSIVE;
				GCC_WARN_UNUSED_FUNCTION = YES;
				GCC_WARN_UNUSED_VARIABLE = YES;
				IPHONEOS_DEPLOYMENT_TARGET = 13.2;
				MTL_ENABLE_DEBUG_INFO = NO;
				MTL_FAST_MATH = YES;
				SDKROOT = iphoneos;
				SWIFT_COMPILATION_MODE = wholemodule;
				SWIFT_OPTIMIZATION_LEVEL = "-O";
				VALIDATE_PRODUCT = YES;
			};
			name = Release;
		};
		6B95E365240749D60067DFF1 /* Debug */ = {
			isa = XCBuildConfiguration;
			buildSettings = {
				ASSETCATALOG_COMPILER_APPICON_NAME = AppIcon;
				CODE_SIGN_STYLE = Automatic;
				INFOPLIST_FILE = ReleativeLoginLayout/Info.plist;
				LD_RUNPATH_SEARCH_PATHS = (
					"$(inherited)",
					"@executable_path/Frameworks",
				);
				PRODUCT_BUNDLE_IDENTIFIER = pkh.ReleativeLoginLayout;
				PRODUCT_NAME = "$(TARGET_NAME)";
				SWIFT_VERSION = 5.0;
				TARGETED_DEVICE_FAMILY = "1,2";
			};
			name = Debug;
		};
		6B95E366240749D60067DFF1 /* Release */ = {
			isa = XCBuildConfiguration;
			buildSettings = {
				ASSETCATALOG_COMPILER_APPICON_NAME = AppIcon;
				CODE_SIGN_STYLE = Automatic;
				INFOPLIST_FILE = ReleativeLoginLayout/Info.plist;
				LD_RUNPATH_SEARCH_PATHS = (
					"$(inherited)",
					"@executable_path/Frameworks",
				);
				PRODUCT_BUNDLE_IDENTIFIER = pkh.ReleativeLoginLayout;
				PRODUCT_NAME = "$(TARGET_NAME)";
				SWIFT_VERSION = 5.0;
				TARGETED_DEVICE_FAMILY = "1,2";
			};
			name = Release;
		};
/* End XCBuildConfiguration section */

/* Begin XCConfigurationList section */
		6B95E348240749D40067DFF1 /* Build configuration list for PBXProject "ReleativeLoginLayout" */ = {
			isa = XCConfigurationList;
			buildConfigurations = (
				6B95E362240749D60067DFF1 /* Debug */,
				6B95E363240749D60067DFF1 /* Release */,
			);
			defaultConfigurationIsVisible = 0;
			defaultConfigurationName = Release;
		};
		6B95E364240749D60067DFF1 /* Build configuration list for PBXNativeTarget "ReleativeLoginLayout" */ = {
			isa = XCConfigurationList;
			buildConfigurations = (
				6B95E365240749D60067DFF1 /* Debug */,
				6B95E366240749D60067DFF1 /* Release */,
			);
			defaultConfigurationIsVisible = 0;
			defaultConfigurationName = Release;
		};
/* End XCConfigurationList section */

/* Begin XCVersionGroup section */
		6B95E359240749D40067DFF1 /* ReleativeLoginLayout.xcdatamodeld */ = {
			isa = XCVersionGroup;
			children = (
				6B95E35A240749D40067DFF1 /* ReleativeLoginLayout.xcdatamodel */,
			);
			currentVersion = 6B95E35A240749D40067DFF1 /* ReleativeLoginLayout.xcdatamodel */;
			path = ReleativeLoginLayout.xcdatamodeld;
			sourceTree = "<group>";
			versionGroupType = wrapper.xcdatamodel;
		};
/* End XCVersionGroup section */
	};
	rootObject = 6B95E345240749D40067DFF1 /* Project object */;
}
